
Microsoft Visual Studio Solution File, Format Version 12.00
# Visual Studio Version 16
VisualStudioVersion = 16.0.30804.86
MinimumVisualStudioVersion = 10.0.40219.1
Project("{FAE04EC0-301F-11D3-BF4B-00C04F79EFBC}") = "Design Pattern 2", "Design Pattern 2\Design Pattern 2.csproj", "{CFF96572-6B39-4D50-8BD4-DA2F45CC3FE5}"
EndProject
Global
	GlobalSection(SolutionConfigurationPlatforms) = preSolution
		Debug|Any CPU = Debug|Any CPU
		Release|Any CPU = Release|Any CPU
	EndGlobalSection
	GlobalSection(ProjectConfigurationPlatforms) = postSolution
		{CFF96572-6B39-4D50-8BD4-DA2F45CC3FE5}.Debug|Any CPU.ActiveCfg = Debug|Any CPU
		{CFF96572-6B39-4D50-8BD4-DA2F45CC3FE5}.Debug|Any CPU.Build.0 = Debug|Any CPU
		{CFF96572-6B39-4D50-8BD4-DA2F45CC3FE5}.Release|Any CPU.ActiveCfg = Release|Any CPU
		{CFF96572-6B39-4D50-8BD4-DA2F45CC3FE5}.Release|Any CPU.Build.0 = Release|Any CPU
	EndGlobalSection
	GlobalSection(SolutionProperties) = preSolution
		HideSolutionNode = FALSE
	EndGlobalSection
	GlobalSection(ExtensibilityGlobals) = postSolution
		SolutionGuid = {4C13B772-D267-411C-B96F-C0B206F71EB3}
	EndGlobalSection
EndGlobal
